
Microsoft Visual Studio Solution File, Format Version 12.00
# Visual Studio 15
VisualStudioVersion = 15.0.26124.0
MinimumVisualStudioVersion = 15.0.26124.0
Project("{FAE04EC0-301F-11D3-BF4B-00C04F79EFBC}") = "Excercise1", "Excercise1\Excercise1.csproj", "{95345741-2E44-4301-A95D-808CB4F07DFF}"
EndProject
Project("{FAE04EC0-301F-11D3-BF4B-00C04F79EFBC}") = "Excercise2", "Excercise2\Excercise2.csproj", "{7F558D95-4A38-46FF-933F-A25BC49709D7}"
EndProject
Project("{FAE04EC0-301F-11D3-BF4B-00C04F79EFBC}") = "Excercise3", "Excercise3\Excercise3.csproj", "{C3612A91-6DBF-48DE-81A1-CF69988236B3}"
EndProject
Project("{FAE04EC0-301F-11D3-BF4B-00C04F79EFBC}") = "Excercise4", "Excercise4\Excercise4.csproj", "{339EC12E-D215-4C45-B41A-764587C5FC47}"
EndProject
Project("{FAE04EC0-301F-11D3-BF4B-00C04F79EFBC}") = "Excercise5", "Excercise5\Excercise5.csproj", "{A39EF201-CA95-4317-B1B3-BE3C57E3818D}"
EndProject
Project("{FAE04EC0-301F-11D3-BF4B-00C04F79EFBC}") = "Excercise6", "Excercise6\Excercise6.csproj", "{F02A7FF6-B819-469B-90CB-40C0017AED3E}"
EndProject
Project("{FAE04EC0-301F-11D3-BF4B-00C04F79EFBC}") = "Excercise7", "Excercise7\Excercise7.csproj", "{05BEE088-B710-42E1-A5BF-4CFFF75BD431}"
EndProject
Project("{FAE04EC0-301F-11D3-BF4B-00C04F79EFBC}") = "Excercise8", "Excercise8\Excercise8.csproj", "{1520F7F9-2421-482B-8D4B-83F5BB531BB8}"
EndProject
Global
	GlobalSection(SolutionConfigurationPlatforms) = preSolution
		Debug|Any CPU = Debug|Any CPU
		Debug|x64 = Debug|x64
		Debug|x86 = Debug|x86
		Release|Any CPU = Release|Any CPU
		Release|x64 = Release|x64
		Release|x86 = Release|x86
	EndGlobalSection
	GlobalSection(SolutionProperties) = preSolution
		HideSolutionNode = FALSE
	EndGlobalSection
	GlobalSection(ProjectConfigurationPlatforms) = postSolution
		{95345741-2E44-4301-A95D-808CB4F07DFF}.Debug|Any CPU.ActiveCfg = Debug|Any CPU
		{95345741-2E44-4301-A95D-808CB4F07DFF}.Debug|Any CPU.Build.0 = Debug|Any CPU
		{95345741-2E44-4301-A95D-808CB4F07DFF}.Debug|x64.ActiveCfg = Debug|Any CPU
		{95345741-2E44-4301-A95D-808CB4F07DFF}.Debug|x64.Build.0 = Debug|Any CPU
		{95345741-2E44-4301-A95D-808CB4F07DFF}.Debug|x86.ActiveCfg = Debug|Any CPU
		{95345741-2E44-4301-A95D-808CB4F07DFF}.Debug|x86.Build.0 = Debug|Any CPU
		{95345741-2E44-4301-A95D-808CB4F07DFF}.Release|Any CPU.ActiveCfg = Release|Any CPU
		{95345741-2E44-4301-A95D-808CB4F07DFF}.Release|Any CPU.Build.0 = Release|Any CPU
		{95345741-2E44-4301-A95D-808CB4F07DFF}.Release|x64.ActiveCfg = Release|Any CPU
		{95345741-2E44-4301-A95D-808CB4F07DFF}.Release|x64.Build.0 = Release|Any CPU
		{95345741-2E44-4301-A95D-808CB4F07DFF}.Release|x86.ActiveCfg = Release|Any CPU
		{95345741-2E44-4301-A95D-808CB4F07DFF}.Release|x86.Build.0 = Release|Any CPU
		{7F558D95-4A38-46FF-933F-A25BC49709D7}.Debug|Any CPU.ActiveCfg = Debug|Any CPU
		{7F558D95-4A38-46FF-933F-A25BC49709D7}.Debug|Any CPU.Build.0 = Debug|Any CPU
		{7F558D95-4A38-46FF-933F-A25BC49709D7}.Debug|x64.ActiveCfg = Debug|Any CPU
		{7F558D95-4A38-46FF-933F-A25BC49709D7}.Debug|x64.Build.0 = Debug|Any CPU
		{7F558D95-4A38-46FF-933F-A25BC49709D7}.Debug|x86.ActiveCfg = Debug|Any CPU
		{7F558D95-4A38-46FF-933F-A25BC49709D7}.Debug|x86.Build.0 = Debug|Any CPU
		{7F558D95-4A38-46FF-933F-A25BC49709D7}.Release|Any CPU.ActiveCfg = Release|Any CPU
		{7F558D95-4A38-46FF-933F-A25BC49709D7}.Release|Any CPU.Build.0 = Release|Any CPU
		{7F558D95-4A38-46FF-933F-A25BC49709D7}.Release|x64.ActiveCfg = Release|Any CPU
		{7F558D95-4A38-46FF-933F-A25BC49709D7}.Release|x64.Build.0 = Release|Any CPU
		{7F558D95-4A38-46FF-933F-A25BC49709D7}.Release|x86.ActiveCfg = Release|Any CPU
		{7F558D95-4A38-46FF-933F-A25BC49709D7}.Release|x86.Build.0 = Release|Any CPU
		{C3612A91-6DBF-48DE-81A1-CF69988236B3}.Debug|Any CPU.ActiveCfg = Debug|Any CPU
		{C3612A91-6DBF-48DE-81A1-CF69988236B3}.Debug|Any CPU.Build.0 = Debug|Any CPU
		{C3612A91-6DBF-48DE-81A1-CF69988236B3}.Debug|x64.ActiveCfg = Debug|Any CPU
		{C3612A91-6DBF-48DE-81A1-CF69988236B3}.Debug|x64.Build.0 = Debug|Any CPU
		{C3612A91-6DBF-48DE-81A1-CF69988236B3}.Debug|x86.ActiveCfg = Debug|Any CPU
		{C3612A91-6DBF-48DE-81A1-CF69988236B3}.Debug|x86.Build.0 = Debug|Any CPU
		{C3612A91-6DBF-48DE-81A1-CF69988236B3}.Release|Any CPU.ActiveCfg = Release|Any CPU
		{C3612A91-6DBF-48DE-81A1-CF69988236B3}.Release|Any CPU.Build.0 = Release|Any CPU
		{C3612A91-6DBF-48DE-81A1-CF69988236B3}.Release|x64.ActiveCfg = Release|Any CPU
		{C3612A91-6DBF-48DE-81A1-CF69988236B3}.Release|x64.Build.0 = Release|Any CPU
		{C3612A91-6DBF-48DE-81A1-CF69988236B3}.Release|x86.ActiveCfg = Release|Any CPU
		{C3612A91-6DBF-48DE-81A1-CF69988236B3}.Release|x86.Build.0 = Release|Any CPU
		{339EC12E-D215-4C45-B41A-764587C5FC47}.Debug|Any CPU.ActiveCfg = Debug|Any CPU
		{339EC12E-D215-4C45-B41A-764587C5FC47}.Debug|Any CPU.Build.0 = Debug|Any CPU
		{339EC12E-D215-4C45-B41A-764587C5FC47}.Debug|x64.ActiveCfg = Debug|Any CPU
		{339EC12E-D215-4C45-B41A-764587C5FC47}.Debug|x64.Build.0 = Debug|Any CPU
		{339EC12E-D215-4C45-B41A-764587C5FC47}.Debug|x86.ActiveCfg = Debug|Any CPU
		{339EC12E-D215-4C45-B41A-764587C5FC47}.Debug|x86.Build.0 = Debug|Any CPU
		{339EC12E-D215-4C45-B41A-764587C5FC47}.Release|Any CPU.ActiveCfg = Release|Any CPU
		{339EC12E-D215-4C45-B41A-764587C5FC47}.Release|Any CPU.Build.0 = Release|Any CPU
		{339EC12E-D215-4C45-B41A-764587C5FC47}.Release|x64.ActiveCfg = Release|Any CPU
		{339EC12E-D215-4C45-B41A-764587C5FC47}.Release|x64.Build.0 = Release|Any CPU
		{339EC12E-D215-4C45-B41A-764587C5FC47}.Release|x86.ActiveCfg = Release|Any CPU
		{339EC12E-D215-4C45-B41A-764587C5FC47}.Release|x86.Build.0 = Release|Any CPU
		{A39EF201-CA95-4317-B1B3-BE3C57E3818D}.Debug|Any CPU.ActiveCfg = Debug|Any CPU
		{A39EF201-CA95-4317-B1B3-BE3C57E3818D}.Debug|Any CPU.Build.0 = Debug|Any CPU
		{A39EF201-CA95-4317-B1B3-BE3C57E3818D}.Debug|x64.ActiveCfg = Debug|Any CPU
		{A39EF201-CA95-4317-B1B3-BE3C57E3818D}.Debug|x64.Build.0 = Debug|Any CPU
		{A39EF201-CA95-4317-B1B3-BE3C57E3818D}.Debug|x86.ActiveCfg = Debug|Any CPU
		{A39EF201-CA95-4317-B1B3-BE3C57E3818D}.Debug|x86.Build.0 = Debug|Any CPU
		{A39EF201-CA95-4317-B1B3-BE3C57E3818D}.Release|Any CPU.ActiveCfg = Release|Any CPU
		{A39EF201-CA95-4317-B1B3-BE3C57E3818D}.Release|Any CPU.Build.0 = Release|Any CPU
		{A39EF201-CA95-4317-B1B3-BE3C57E3818D}.Release|x64.ActiveCfg = Release|Any CPU
		{A39EF201-CA95-4317-B1B3-BE3C57E3818D}.Release|x64.Build.0 = Release|Any CPU
		{A39EF201-CA95-4317-B1B3-BE3C57E3818D}.Release|x86.ActiveCfg = Release|Any CPU
		{A39EF201-CA95-4317-B1B3-BE3C57E3818D}.Release|x86.Build.0 = Release|Any CPU
		{F02A7FF6-B819-469B-90CB-40C0017AED3E}.Debug|Any CPU.ActiveCfg = Debug|Any CPU
		{F02A7FF6-B819-469B-90CB-40C0017AED3E}.Debug|Any CPU.Build.0 = Debug|Any CPU
		{F02A7FF6-B819-469B-90CB-40C0017AED3E}.Debug|x64.ActiveCfg = Debug|Any CPU
		{F02A7FF6-B819-469B-90CB-40C0017AED3E}.Debug|x64.Build.0 = Debug|Any CPU
		{F02A7FF6-B819-469B-90CB-40C0017AED3E}.Debug|x86.ActiveCfg = Debug|Any CPU
		{F02A7FF6-B819-469B-90CB-40C0017AED3E}.Debug|x86.Build.0 = Debug|Any CPU
		{F02A7FF6-B819-469B-90CB-40C0017AED3E}.Release|Any CPU.ActiveCfg = Release|Any CPU
		{F02A7FF6-B819-469B-90CB-40C0017AED3E}.Release|Any CPU.Build.0 = Release|Any CPU
		{F02A7FF6-B819-469B-90CB-40C0017AED3E}.Release|x64.ActiveCfg = Release|Any CPU
		{F02A7FF6-B819-469B-90CB-40C0017AED3E}.Release|x64.Build.0 = Release|Any CPU
		{F02A7FF6-B819-469B-90CB-40C0017AED3E}.Release|x86.ActiveCfg = Release|Any CPU
		{F02A7FF6-B819-469B-90CB-40C0017AED3E}.Release|x86.Build.0 = Release|Any CPU
		{05BEE088-B710-42E1-A5BF-4CFFF75BD431}.Debug|Any CPU.ActiveCfg = Debug|Any CPU
		{05BEE088-B710-42E1-A5BF-4CFFF75BD431}.Debug|Any CPU.Build.0 = Debug|Any CPU
		{05BEE088-B710-42E1-A5BF-4CFFF75BD431}.Debug|x64.ActiveCfg = Debug|Any CPU
		{05BEE088-B710-42E1-A5BF-4CFFF75BD431}.Debug|x64.Build.0 = Debug|Any CPU
		{05BEE088-B710-42E1-A5BF-4CFFF75BD431}.Debug|x86.ActiveCfg = Debug|Any CPU
		{05BEE088-B710-42E1-A5BF-4CFFF75BD431}.Debug|x86.Build.0 = Debug|Any CPU
		{05BEE088-B710-42E1-A5BF-4CFFF75BD431}.Release|Any CPU.ActiveCfg = Release|Any CPU
		{05BEE088-B710-42E1-A5BF-4CFFF75BD431}.Release|Any CPU.Build.0 = Release|Any CPU
		{05BEE088-B710-42E1-A5BF-4CFFF75BD431}.Release|x64.ActiveCfg = Release|Any CPU
		{05BEE088-B710-42E1-A5BF-4CFFF75BD431}.Release|x64.Build.0 = Release|Any CPU
		{05BEE088-B710-42E1-A5BF-4CFFF75BD431}.Release|x86.ActiveCfg = Release|Any CPU
		{05BEE088-B710-42E1-A5BF-4CFFF75BD431}.Release|x86.Build.0 = Release|Any CPU
		{1520F7F9-2421-482B-8D4B-83F5BB531BB8}.Debug|Any CPU.ActiveCfg = Debug|Any CPU
		{1520F7F9-2421-482B-8D4B-83F5BB531BB8}.Debug|Any CPU.Build.0 = Debug|Any CPU
		{1520F7F9-2421-482B-8D4B-83F5BB531BB8}.Debug|x64.ActiveCfg = Debug|Any CPU
		{1520F7F9-2421-482B-8D4B-83F5BB531BB8}.Debug|x64.Build.0 = Debug|Any CPU
		{1520F7F9-2421-482B-8D4B-83F5BB531BB8}.Debug|x86.ActiveCfg = Debug|Any CPU
		{1520F7F9-2421-482B-8D4B-83F5BB531BB8}.Debug|x86.Build.0 = Debug|Any CPU
		{1520F7F9-2421-482B-8D4B-83F5BB531BB8}.Release|Any CPU.ActiveCfg = Release|Any CPU
		{1520F7F9-2421-482B-8D4B-83F5BB531BB8}.Release|Any CPU.Build.0 = Release|Any CPU
		{1520F7F9-2421-482B-8D4B-83F5BB531BB8}.Release|x64.ActiveCfg = Release|Any CPU
		{1520F7F9-2421-482B-8D4B-83F5BB531BB8}.Release|x64.Build.0 = Release|Any CPU
		{1520F7F9-2421-482B-8D4B-83F5BB531BB8}.Release|x86.ActiveCfg = Release|Any CPU
		{1520F7F9-2421-482B-8D4B-83F5BB531BB8}.Release|x86.Build.0 = Release|Any CPU
	EndGlobalSection
EndGlobal
