
Microsoft Visual Studio Solution File, Format Version 12.00
# Visual Studio 15
VisualStudioVersion = 15.0.26124.0
MinimumVisualStudioVersion = 15.0.26124.0
Project("{FAE04EC0-301F-11D3-BF4B-00C04F79EFBC}") = "Calendar1", "Calendar1\Calendar1.csproj", "{87B75F89-EE76-4D90-898C-0245D1594770}"
EndProject
Project("{FAE04EC0-301F-11D3-BF4B-00C04F79EFBC}") = "Calendar2", "Calendar2\Calendar2.csproj", "{DC29A3AA-E4CD-43C9-A16B-EFFBD16449FE}"
EndProject
Project("{FAE04EC0-301F-11D3-BF4B-00C04F79EFBC}") = "Calendar3", "Calendar3\Calendar3.csproj", "{EBD9991F-579E-47D3-89BE-57F44A385612}"
EndProject
Project("{FAE04EC0-301F-11D3-BF4B-00C04F79EFBC}") = "Calendar4", "Calendar4\Calendar4.csproj", "{915488C6-7070-4389-8B73-A3D5B2200471}"
EndProject
Project("{FAE04EC0-301F-11D3-BF4B-00C04F79EFBC}") = "Calendar5", "Calendar5\Calendar5.csproj", "{C7C626F4-66C7-42D3-B8BA-DA03ABD09205}"
EndProject
Project("{FAE04EC0-301F-11D3-BF4B-00C04F79EFBC}") = "Calendar6", "Calendar6\Calendar6.csproj", "{1041A4CC-A383-4161-8CC5-EC4AAA1ED3B2}"
EndProject
Project("{FAE04EC0-301F-11D3-BF4B-00C04F79EFBC}") = "Calendar7", "Calendar7\Calendar7.csproj", "{3BD6E991-26B1-4AA9-BE7C-46F5A22ADEAE}"
EndProject
Global
	GlobalSection(SolutionConfigurationPlatforms) = preSolution
		Debug|Any CPU = Debug|Any CPU
		Debug|x64 = Debug|x64
		Debug|x86 = Debug|x86
		Release|Any CPU = Release|Any CPU
		Release|x64 = Release|x64
		Release|x86 = Release|x86
	EndGlobalSection
	GlobalSection(SolutionProperties) = preSolution
		HideSolutionNode = FALSE
	EndGlobalSection
	GlobalSection(ProjectConfigurationPlatforms) = postSolution
		{87B75F89-EE76-4D90-898C-0245D1594770}.Debug|Any CPU.ActiveCfg = Debug|Any CPU
		{87B75F89-EE76-4D90-898C-0245D1594770}.Debug|Any CPU.Build.0 = Debug|Any CPU
		{87B75F89-EE76-4D90-898C-0245D1594770}.Debug|x64.ActiveCfg = Debug|Any CPU
		{87B75F89-EE76-4D90-898C-0245D1594770}.Debug|x64.Build.0 = Debug|Any CPU
		{87B75F89-EE76-4D90-898C-0245D1594770}.Debug|x86.ActiveCfg = Debug|Any CPU
		{87B75F89-EE76-4D90-898C-0245D1594770}.Debug|x86.Build.0 = Debug|Any CPU
		{87B75F89-EE76-4D90-898C-0245D1594770}.Release|Any CPU.ActiveCfg = Release|Any CPU
		{87B75F89-EE76-4D90-898C-0245D1594770}.Release|Any CPU.Build.0 = Release|Any CPU
		{87B75F89-EE76-4D90-898C-0245D1594770}.Release|x64.ActiveCfg = Release|Any CPU
		{87B75F89-EE76-4D90-898C-0245D1594770}.Release|x64.Build.0 = Release|Any CPU
		{87B75F89-EE76-4D90-898C-0245D1594770}.Release|x86.ActiveCfg = Release|Any CPU
		{87B75F89-EE76-4D90-898C-0245D1594770}.Release|x86.Build.0 = Release|Any CPU
		{DC29A3AA-E4CD-43C9-A16B-EFFBD16449FE}.Debug|Any CPU.ActiveCfg = Debug|Any CPU
		{DC29A3AA-E4CD-43C9-A16B-EFFBD16449FE}.Debug|Any CPU.Build.0 = Debug|Any CPU
		{DC29A3AA-E4CD-43C9-A16B-EFFBD16449FE}.Debug|x64.ActiveCfg = Debug|Any CPU
		{DC29A3AA-E4CD-43C9-A16B-EFFBD16449FE}.Debug|x64.Build.0 = Debug|Any CPU
		{DC29A3AA-E4CD-43C9-A16B-EFFBD16449FE}.Debug|x86.ActiveCfg = Debug|Any CPU
		{DC29A3AA-E4CD-43C9-A16B-EFFBD16449FE}.Debug|x86.Build.0 = Debug|Any CPU
		{DC29A3AA-E4CD-43C9-A16B-EFFBD16449FE}.Release|Any CPU.ActiveCfg = Release|Any CPU
		{DC29A3AA-E4CD-43C9-A16B-EFFBD16449FE}.Release|Any CPU.Build.0 = Release|Any CPU
		{DC29A3AA-E4CD-43C9-A16B-EFFBD16449FE}.Release|x64.ActiveCfg = Release|Any CPU
		{DC29A3AA-E4CD-43C9-A16B-EFFBD16449FE}.Release|x64.Build.0 = Release|Any CPU
		{DC29A3AA-E4CD-43C9-A16B-EFFBD16449FE}.Release|x86.ActiveCfg = Release|Any CPU
		{DC29A3AA-E4CD-43C9-A16B-EFFBD16449FE}.Release|x86.Build.0 = Release|Any CPU
		{EBD9991F-579E-47D3-89BE-57F44A385612}.Debug|Any CPU.ActiveCfg = Debug|Any CPU
		{EBD9991F-579E-47D3-89BE-57F44A385612}.Debug|Any CPU.Build.0 = Debug|Any CPU
		{EBD9991F-579E-47D3-89BE-57F44A385612}.Debug|x64.ActiveCfg = Debug|Any CPU
		{EBD9991F-579E-47D3-89BE-57F44A385612}.Debug|x64.Build.0 = Debug|Any CPU
		{EBD9991F-579E-47D3-89BE-57F44A385612}.Debug|x86.ActiveCfg = Debug|Any CPU
		{EBD9991F-579E-47D3-89BE-57F44A385612}.Debug|x86.Build.0 = Debug|Any CPU
		{EBD9991F-579E-47D3-89BE-57F44A385612}.Release|Any CPU.ActiveCfg = Release|Any CPU
		{EBD9991F-579E-47D3-89BE-57F44A385612}.Release|Any CPU.Build.0 = Release|Any CPU
		{EBD9991F-579E-47D3-89BE-57F44A385612}.Release|x64.ActiveCfg = Release|Any CPU
		{EBD9991F-579E-47D3-89BE-57F44A385612}.Release|x64.Build.0 = Release|Any CPU
		{EBD9991F-579E-47D3-89BE-57F44A385612}.Release|x86.ActiveCfg = Release|Any CPU
		{EBD9991F-579E-47D3-89BE-57F44A385612}.Release|x86.Build.0 = Release|Any CPU
		{915488C6-7070-4389-8B73-A3D5B2200471}.Debug|Any CPU.ActiveCfg = Debug|Any CPU
		{915488C6-7070-4389-8B73-A3D5B2200471}.Debug|Any CPU.Build.0 = Debug|Any CPU
		{915488C6-7070-4389-8B73-A3D5B2200471}.Debug|x64.ActiveCfg = Debug|Any CPU
		{915488C6-7070-4389-8B73-A3D5B2200471}.Debug|x64.Build.0 = Debug|Any CPU
		{915488C6-7070-4389-8B73-A3D5B2200471}.Debug|x86.ActiveCfg = Debug|Any CPU
		{915488C6-7070-4389-8B73-A3D5B2200471}.Debug|x86.Build.0 = Debug|Any CPU
		{915488C6-7070-4389-8B73-A3D5B2200471}.Release|Any CPU.ActiveCfg = Release|Any CPU
		{915488C6-7070-4389-8B73-A3D5B2200471}.Release|Any CPU.Build.0 = Release|Any CPU
		{915488C6-7070-4389-8B73-A3D5B2200471}.Release|x64.ActiveCfg = Release|Any CPU
		{915488C6-7070-4389-8B73-A3D5B2200471}.Release|x64.Build.0 = Release|Any CPU
		{915488C6-7070-4389-8B73-A3D5B2200471}.Release|x86.ActiveCfg = Release|Any CPU
		{915488C6-7070-4389-8B73-A3D5B2200471}.Release|x86.Build.0 = Release|Any CPU
		{C7C626F4-66C7-42D3-B8BA-DA03ABD09205}.Debug|Any CPU.ActiveCfg = Debug|Any CPU
		{C7C626F4-66C7-42D3-B8BA-DA03ABD09205}.Debug|Any CPU.Build.0 = Debug|Any CPU
		{C7C626F4-66C7-42D3-B8BA-DA03ABD09205}.Debug|x64.ActiveCfg = Debug|Any CPU
		{C7C626F4-66C7-42D3-B8BA-DA03ABD09205}.Debug|x64.Build.0 = Debug|Any CPU
		{C7C626F4-66C7-42D3-B8BA-DA03ABD09205}.Debug|x86.ActiveCfg = Debug|Any CPU
		{C7C626F4-66C7-42D3-B8BA-DA03ABD09205}.Debug|x86.Build.0 = Debug|Any CPU
		{C7C626F4-66C7-42D3-B8BA-DA03ABD09205}.Release|Any CPU.ActiveCfg = Release|Any CPU
		{C7C626F4-66C7-42D3-B8BA-DA03ABD09205}.Release|Any CPU.Build.0 = Release|Any CPU
		{C7C626F4-66C7-42D3-B8BA-DA03ABD09205}.Release|x64.ActiveCfg = Release|Any CPU
		{C7C626F4-66C7-42D3-B8BA-DA03ABD09205}.Release|x64.Build.0 = Release|Any CPU
		{C7C626F4-66C7-42D3-B8BA-DA03ABD09205}.Release|x86.ActiveCfg = Release|Any CPU
		{C7C626F4-66C7-42D3-B8BA-DA03ABD09205}.Release|x86.Build.0 = Release|Any CPU
		{1041A4CC-A383-4161-8CC5-EC4AAA1ED3B2}.Debug|Any CPU.ActiveCfg = Debug|Any CPU
		{1041A4CC-A383-4161-8CC5-EC4AAA1ED3B2}.Debug|Any CPU.Build.0 = Debug|Any CPU
		{1041A4CC-A383-4161-8CC5-EC4AAA1ED3B2}.Debug|x64.ActiveCfg = Debug|Any CPU
		{1041A4CC-A383-4161-8CC5-EC4AAA1ED3B2}.Debug|x64.Build.0 = Debug|Any CPU
		{1041A4CC-A383-4161-8CC5-EC4AAA1ED3B2}.Debug|x86.ActiveCfg = Debug|Any CPU
		{1041A4CC-A383-4161-8CC5-EC4AAA1ED3B2}.Debug|x86.Build.0 = Debug|Any CPU
		{1041A4CC-A383-4161-8CC5-EC4AAA1ED3B2}.Release|Any CPU.ActiveCfg = Release|Any CPU
		{1041A4CC-A383-4161-8CC5-EC4AAA1ED3B2}.Release|Any CPU.Build.0 = Release|Any CPU
		{1041A4CC-A383-4161-8CC5-EC4AAA1ED3B2}.Release|x64.ActiveCfg = Release|Any CPU
		{1041A4CC-A383-4161-8CC5-EC4AAA1ED3B2}.Release|x64.Build.0 = Release|Any CPU
		{1041A4CC-A383-4161-8CC5-EC4AAA1ED3B2}.Release|x86.ActiveCfg = Release|Any CPU
		{1041A4CC-A383-4161-8CC5-EC4AAA1ED3B2}.Release|x86.Build.0 = Release|Any CPU
		{3BD6E991-26B1-4AA9-BE7C-46F5A22ADEAE}.Debug|Any CPU.ActiveCfg = Debug|Any CPU
		{3BD6E991-26B1-4AA9-BE7C-46F5A22ADEAE}.Debug|Any CPU.Build.0 = Debug|Any CPU
		{3BD6E991-26B1-4AA9-BE7C-46F5A22ADEAE}.Debug|x64.ActiveCfg = Debug|Any CPU
		{3BD6E991-26B1-4AA9-BE7C-46F5A22ADEAE}.Debug|x64.Build.0 = Debug|Any CPU
		{3BD6E991-26B1-4AA9-BE7C-46F5A22ADEAE}.Debug|x86.ActiveCfg = Debug|Any CPU
		{3BD6E991-26B1-4AA9-BE7C-46F5A22ADEAE}.Debug|x86.Build.0 = Debug|Any CPU
		{3BD6E991-26B1-4AA9-BE7C-46F5A22ADEAE}.Release|Any CPU.ActiveCfg = Release|Any CPU
		{3BD6E991-26B1-4AA9-BE7C-46F5A22ADEAE}.Release|Any CPU.Build.0 = Release|Any CPU
		{3BD6E991-26B1-4AA9-BE7C-46F5A22ADEAE}.Release|x64.ActiveCfg = Release|Any CPU
		{3BD6E991-26B1-4AA9-BE7C-46F5A22ADEAE}.Release|x64.Build.0 = Release|Any CPU
		{3BD6E991-26B1-4AA9-BE7C-46F5A22ADEAE}.Release|x86.ActiveCfg = Release|Any CPU
		{3BD6E991-26B1-4AA9-BE7C-46F5A22ADEAE}.Release|x86.Build.0 = Release|Any CPU
	EndGlobalSection
EndGlobal
